// !$*UTF8*$!
{
	archiveVersion = 1;
	classes = {
	};
	objectVersion = 46;
	objects = {

/* Begin PBXBuildFile section */
		04BCAA561C1CC35800D0A070 /* main.m in Sources */ = {isa = PBXBuildFile; fileRef = 04BCAA551C1CC35800D0A070 /* main.m */; };
		04BCAA591C1CC35800D0A070 /* AppDelegate.m in Sources */ = {isa = PBXBuildFile; fileRef = 04BCAA581C1CC35800D0A070 /* AppDelegate.m */; };
		04BCAA5C1C1CC35800D0A070 /* ViewController.m in Sources */ = {isa = PBXBuildFile; fileRef = 04BCAA5B1C1CC35800D0A070 /* ViewController.m */; };
		04BCAA5F1C1CC35800D0A070 /* Main.storyboard in Resources */ = {isa = PBXBuildFile; fileRef = 04BCAA5D1C1CC35800D0A070 /* Main.storyboard */; };
		04BCAA611C1CC35800D0A070 /* Images.xcassets in Resources */ = {isa = PBXBuildFile; fileRef = 04BCAA601C1CC35800D0A070 /* Images.xcassets */; };
		04BCAA641C1CC35800D0A070 /* LaunchScreen.xib in Resources */ = {isa = PBXBuildFile; fileRef = 04BCAA621C1CC35800D0A070 /* LaunchScreen.xib */; };
		04BCAA701C1CC35800D0A070 /* dateTestTests.m in Sources */ = {isa = PBXBuildFile; fileRef = 04BCAA6F1C1CC35800D0A070 /* dateTestTests.m */; };
/* End PBXBuildFile section */

/* Begin PBXContainerItemProxy section */
		04BCAA6A1C1CC35800D0A070 /* PBXContainerItemProxy */ = {
			isa = PBXContainerItemProxy;
			containerPortal = 04BCAA481C1CC35800D0A070 /* Project object */;
			proxyType = 1;
			remoteGlobalIDString = 04BCAA4F1C1CC35800D0A070;
			remoteInfo = dateTest;
		};
/* End PBXContainerItemProxy section */

/* Begin PBXFileReference section */
		04BCAA501C1CC35800D0A070 /* dateTest.app */ = {isa = PBXFileReference; explicitFileType = wrapper.application; includeInIndex = 0; path = dateTest.app; sourceTree = BUILT_PRODUCTS_DIR; };
		04BCAA541C1CC35800D0A070 /* Info.plist */ = {isa = PBXFileReference; lastKnownFileType = text.plist.xml; path = Info.plist; sourceTree = "<group>"; };
		04BCAA551C1CC35800D0A070 /* main.m */ = {isa = PBXFileReference; lastKnownFileType = sourcecode.c.objc; path = main.m; sourceTree = "<group>"; };
		04BCAA571C1CC35800D0A070 /* AppDelegate.h */ = {isa = PBXFileReference; lastKnownFileType = sourcecode.c.h; path = AppDelegate.h; sourceTree = "<group>"; };
		04BCAA581C1CC35800D0A070 /* AppDelegate.m */ = {isa = PBXFileReference; lastKnownFileType = sourcecode.c.objc; path = AppDelegate.m; sourceTree = "<group>"; };
		04BCAA5A1C1CC35800D0A070 /* ViewController.h */ = {isa = PBXFileReference; lastKnownFileType = sourcecode.c.h; path = ViewController.h; sourceTree = "<group>"; };
		04BCAA5B1C1CC35800D0A070 /* ViewController.m */ = {isa = PBXFileReference; lastKnownFileType = sourcecode.c.objc; path = ViewController.m; sourceTree = "<group>"; };
		04BCAA5E1C1CC35800D0A070 /* Base */ = {isa = PBXFileReference; lastKnownFileType = file.storyboard; name = Base; path = Base.lproj/Main.storyboard; sourceTree = "<group>"; };
		04BCAA601C1CC35800D0A070 /* Images.xcassets */ = {isa = PBXFileReference; lastKnownFileType = folder.assetcatalog; path = Images.xcassets; sourceTree = "<group>"; };
		04BCAA631C1CC35800D0A070 /* Base */ = {isa = PBXFileReference; lastKnownFileType = file.xib; name = Base; path = Base.lproj/LaunchScreen.xib; sourceTree = "<group>"; };
		04BCAA691C1CC35800D0A070 /* dateTestTests.xctest */ = {isa = PBXFileReference; explicitFileType = wrapper.cfbundle; includeInIndex = 0; path = dateTestTests.xctest; sourceTree = BUILT_PRODUCTS_DIR; };
		04BCAA6E1C1CC35800D0A070 /* Info.plist */ = {isa = PBXFileReference; lastKnownFileType = text.plist.xml; path = Info.plist; sourceTree = "<group>"; };
		04BCAA6F1C1CC35800D0A070 /* dateTestTests.m */ = {isa = PBXFileReference; lastKnownFileType = sourcecode.c.objc; path = dateTestTests.m; sourceTree = "<group>"; };
/* End PBXFileReference section */

/* Begin PBXFrameworksBuildPhase section */
		04BCAA4D1C1CC35800D0A070 /* Frameworks */ = {
			isa = PBXFrameworksBuildPhase;
			buildActionMask = 2147483647;
			files = (
			);
			runOnlyForDeploymentPostprocessing = 0;
		};
		04BCAA661C1CC35800D0A070 /* Frameworks */ = {
			isa = PBXFrameworksBuildPhase;
			buildActionMask = 2147483647;
			files = (
			);
			runOnlyForDeploymentPostprocessing = 0;
		};
/* End PBXFrameworksBuildPhase section */

/* Begin PBXGroup section */
		04BCAA471C1CC35800D0A070 = {
			isa = PBXGroup;
			children = (
				04BCAA521C1CC35800D0A070 /* dateTest */,
				04BCAA6C1C1CC35800D0A070 /* dateTestTests */,
				04BCAA511C1CC35800D0A070 /* Products */,
			);
			sourceTree = "<group>";
		};
		04BCAA511C1CC35800D0A070 /* Products */ = {
			isa = PBXGroup;
			children = (
				04BCAA501C1CC35800D0A070 /* dateTest.app */,
				04BCAA691C1CC35800D0A070 /* dateTestTests.xctest */,
			);
			name = Products;
			sourceTree = "<group>";
		};
		04BCAA521C1CC35800D0A070 /* dateTest */ = {
			isa = PBXGroup;
			children = (
				04BCAA571C1CC35800D0A070 /* AppDelegate.h */,
				04BCAA581C1CC35800D0A070 /* AppDelegate.m */,
				04BCAA5A1C1CC35800D0A070 /* ViewController.h */,
				04BCAA5B1C1CC35800D0A070 /* ViewController.m */,
				04BCAA5D1C1CC35800D0A070 /* Main.storyboard */,
				04BCAA601C1CC35800D0A070 /* Images.xcassets */,
				04BCAA621C1CC35800D0A070 /* LaunchScreen.xib */,
				04BCAA531C1CC35800D0A070 /* Supporting Files */,
			);
			path = dateTest;
			sourceTree = "<group>";
		};
		04BCAA531C1CC35800D0A070 /* Supporting Files */ = {
			isa = PBXGroup;
			children = (
				04BCAA541C1CC35800D0A070 /* Info.plist */,
				04BCAA551C1CC35800D0A070 /* main.m */,
			);
			name = "Supporting Files";
			sourceTree = "<group>";
		};
		04BCAA6C1C1CC35800D0A070 /* dateTestTests */ = {
			isa = PBXGroup;
			children = (
				04BCAA6F1C1CC35800D0A070 /* dateTestTests.m */,
				04BCAA6D1C1CC35800D0A070 /* Supporting Files */,
			);
			path = dateTestTests;
			sourceTree = "<group>";
		};
		04BCAA6D1C1CC35800D0A070 /* Supporting Files */ = {
			isa = PBXGroup;
			children = (
				04BCAA6E1C1CC35800D0A070 /* Info.plist */,
			);
			name = "Supporting Files";
			sourceTree = "<group>";
		};
/* End PBXGroup section */

/* Begin PBXNativeTarget section */
		04BCAA4F1C1CC35800D0A070 /* dateTest */ = {
			isa = PBXNativeTarget;
			buildConfigurationList = 04BCAA731C1CC35800D0A070 /* Build configuration list for PBXNativeTarget "dateTest" */;
			buildPhases = (
				04BCAA4C1C1CC35800D0A070 /* Sources */,
				04BCAA4D1C1CC35800D0A070 /* Frameworks */,
				04BCAA4E1C1CC35800D0A070 /* Resources */,
			);
			buildRules = (
			);
			dependencies = (
			);
			name = dateTest;
			productName = dateTest;
			productReference = 04BCAA501C1CC35800D0A070 /* dateTest.app */;
			productType = "com.apple.product-type.application";
		};
		04BCAA681C1CC35800D0A070 /* dateTestTests */ = {
			isa = PBXNativeTarget;
			buildConfigurationList = 04BCAA761C1CC35800D0A070 /* Build configuration list for PBXNativeTarget "dateTestTests" */;
			buildPhases = (
				04BCAA651C1CC35800D0A070 /* Sources */,
				04BCAA661C1CC35800D0A070 /* Frameworks */,
				04BCAA671C1CC35800D0A070 /* Resources */,
			);
			buildRules = (
			);
			dependencies = (
				04BCAA6B1C1CC35800D0A070 /* PBXTargetDependency */,
			);
			name = dateTestTests;
			productName = dateTestTests;
			productReference = 04BCAA691C1CC35800D0A070 /* dateTestTests.xctest */;
			productType = "com.apple.product-type.bundle.unit-test";
		};
/* End PBXNativeTarget section */

/* Begin PBXProject section */
		04BCAA481C1CC35800D0A070 /* Project object */ = {
			isa = PBXProject;
			attributes = {
				LastUpgradeCheck = 0600;
				ORGANIZATIONNAME = GDNApp;
				TargetAttributes = {
					04BCAA4F1C1CC35800D0A070 = {
						CreatedOnToolsVersion = 6.0.1;
					};
					04BCAA681C1CC35800D0A070 = {
						CreatedOnToolsVersion = 6.0.1;
						TestTargetID = 04BCAA4F1C1CC35800D0A070;
					};
				};
			};
			buildConfigurationList = 04BCAA4B1C1CC35800D0A070 /* Build configuration list for PBXProject "dateTest" */;
			compatibilityVersion = "Xcode 3.2";
			developmentRegion = English;
			hasScannedForEncodings = 0;
			knownRegions = (
				en,
				Base,
			);
			mainGroup = 04BCAA471C1CC35800D0A070;
			productRefGroup = 04BCAA511C1CC35800D0A070 /* Products */;
			projectDirPath = "";
			projectRoot = "";
			targets = (
				04BCAA4F1C1CC35800D0A070 /* dateTest */,
				04BCAA681C1CC35800D0A070 /* dateTestTests */,
			);
		};
/* End PBXProject section */

/* Begin PBXResourcesBuildPhase section */
		04BCAA4E1C1CC35800D0A070 /* Resources */ = {
			isa = PBXResourcesBuildPhase;
			buildActionMask = 2147483647;
			files = (
				04BCAA5F1C1CC35800D0A070 /* Main.storyboard in Resources */,
				04BCAA641C1CC35800D0A070 /* LaunchScreen.xib in Resources */,
				04BCAA611C1CC35800D0A070 /* Images.xcassets in Resources */,
			);
			runOnlyForDeploymentPostprocessing = 0;
		};
		04BCAA671C1CC35800D0A070 /* Resources */ = {
			isa = PBXResourcesBuildPhase;
			buildActionMask = 2147483647;
			files = (
			);
			runOnlyForDeploymentPostprocessing = 0;
		};
/* End PBXResourcesBuildPhase section */

/* Begin PBXSourcesBuildPhase section */
		04BCAA4C1C1CC35800D0A070 /* Sources */ = {
			isa = PBXSourcesBuildPhase;
			buildActionMask = 2147483647;
			files = (
				04BCAA5C1C1CC35800D0A070 /* ViewController.m in Sources */,
				04BCAA591C1CC35800D0A070 /* AppDelegate.m in Sources */,
				04BCAA561C1CC35800D0A070 /* main.m in Sources */,
			);
			runOnlyForDeploymentPostprocessing = 0;
		};
		04BCAA651C1CC35800D0A070 /* Sources */ = {
			isa = PBXSourcesBuildPhase;
			buildActionMask = 2147483647;
			files = (
				04BCAA701C1CC35800D0A070 /* dateTestTests.m in Sources */,
			);
			runOnlyForDeploymentPostprocessing = 0;
		};
/* End PBXSourcesBuildPhase section */

/* Begin PBXTargetDependency section */
		04BCAA6B1C1CC35800D0A070 /* PBXTargetDependency */ = {
			isa = PBXTargetDependency;
			target = 04BCAA4F1C1CC35800D0A070 /* dateTest */;
			targetProxy = 04BCAA6A1C1CC35800D0A070 /* PBXContainerItemProxy */;
		};
/* End PBXTargetDependency section */

/* Begin PBXVariantGroup section */
		04BCAA5D1C1CC35800D0A070 /* Main.storyboard */ = {
			isa = PBXVariantGroup;
			children = (
				04BCAA5E1C1CC35800D0A070 /* Base */,
			);
			name = Main.storyboard;
			sourceTree = "<group>";
		};
		04BCAA621C1CC35800D0A070 /* LaunchScreen.xib */ = {
			isa = PBXVariantGroup;
			children = (
				04BCAA631C1CC35800D0A070 /* Base */,
			);
			name = LaunchScreen.xib;
			sourceTree = "<group>";
		};
/* End PBXVariantGroup section */

/* Begin XCBuildConfiguration section */
		04BCAA711C1CC35800D0A070 /* Debug */ = {
			isa = XCBuildConfiguration;
			buildSettings = {
				ALWAYS_SEARCH_USER_PATHS = NO;
				CLANG_CXX_LANGUAGE_STANDARD = "gnu++0x";
				CLANG_CXX_LIBRARY = "libc++";
				CLANG_ENABLE_MODULES = YES;
				CLANG_ENABLE_OBJC_ARC = YES;
				CLANG_WARN_BOOL_CONVERSION = YES;
				CLANG_WARN_CONSTANT_CONVERSION = YES;
				CLANG_WARN_DIRECT_OBJC_ISA_USAGE = YES_ERROR;
				CLANG_WARN_EMPTY_BODY = YES;
				CLANG_WARN_ENUM_CONVERSION = YES;
				CLANG_WARN_INT_CONVERSION = YES;
				CLANG_WARN_OBJC_ROOT_CLASS = YES_ERROR;
				CLANG_WARN_UNREACHABLE_CODE = YES;
				CLANG_WARN__DUPLICATE_METHOD_MATCH = YES;
				"CODE_SIGN_IDENTITY[sdk=iphoneos*]" = "iPhone Developer";
				COPY_PHASE_STRIP = NO;
				ENABLE_STRICT_OBJC_MSGSEND = YES;
				GCC_C_LANGUAGE_STANDARD = gnu99;
				GCC_DYNAMIC_NO_PIC = NO;
				GCC_OPTIMIZATION_LEVEL = 0;
				GCC_PREPROCESSOR_DEFINITIONS = (
					"DEBUG=1",
					"$(inherited)",
				);
				GCC_SYMBOLS_PRIVATE_EXTERN = NO;
				GCC_WARN_64_TO_32_BIT_CONVERSION = YES;
				GCC_WARN_ABOUT_RETURN_TYPE = YES_ERROR;
				GCC_WARN_UNDECLARED_SELECTOR = YES;
				GCC_WARN_UNINITIALIZED_AUTOS = YES_AGGRESSIVE;
				GCC_WARN_UNUSED_FUNCTION = YES;
				GCC_WARN_UNUSED_VARIABLE = YES;
				IPHONEOS_DEPLOYMENT_TARGET = 8.0;
				MTL_ENABLE_DEBUG_INFO = YES;
				ONLY_ACTIVE_ARCH = YES;
				SDKROOT = iphoneos;
			};
			name = Debug;
		};
		04BCAA721C1CC35800D0A070 /* Release */ = {
			isa = XCBuildConfiguration;
			buildSettings = {
				ALWAYS_SEARCH_USER_PATHS = NO;
				CLANG_CXX_LANGUAGE_STANDARD = "gnu++0x";
				CLANG_CXX_LIBRARY = "libc++";
				CLANG_ENABLE_MODULES = YES;
				CLANG_ENABLE_OBJC_ARC = YES;
				CLANG_WARN_BOOL_CONVERSION = YES;
				CLANG_WARN_CONSTANT_CONVERSION = YES;
				CLANG_WARN_DIRECT_OBJC_ISA_USAGE = YES_ERROR;
				CLANG_WARN_EMPTY_BODY = YES;
				CLANG_WARN_ENUM_CONVERSION = YES;
				CLANG_WARN_INT_CONVERSION = YES;
				CLANG_WARN_OBJC_ROOT_CLASS = YES_ERROR;
				CLANG_WARN_UNREACHABLE_CODE = YES;
				CLANG_WARN__DUPLICATE_METHOD_MATCH = YES;
				"CODE_SIGN_IDENTITY[sdk=iphoneos*]" = "iPhone Developer";
				COPY_PHASE_STRIP = YES;
				ENABLE_NS_ASSERTIONS = NO;
				ENABLE_STRICT_OBJC_MSGSEND = YES;
				GCC_C_LANGUAGE_STANDARD = gnu99;
				GCC_WARN_64_TO_32_BIT_CONVERSION = YES;
				GCC_WARN_ABOUT_RETURN_TYPE = YES_ERROR;
				GCC_WARN_UNDECLARED_SELECTOR = YES;
				GCC_WARN_UNINITIALIZED_AUTOS = YES_AGGRESSIVE;
				GCC_WARN_UNUSED_FUNCTION = YES;
				GCC_WARN_UNUSED_VARIABLE = YES;
				IPHONEOS_DEPLOYMENT_TARGET = 8.0;
				MTL_ENABLE_DEBUG_INFO = NO;
				SDKROOT = iphoneos;
				VALIDATE_PRODUCT = YES;
			};
			name = Release;
		};
		04BCAA741C1CC35800D0A070 /* Debug */ = {
			isa = XCBuildConfiguration;
			buildSettings = {
				ASSETCATALOG_COMPILER_APPICON_NAME = AppIcon;
				INFOPLIST_FILE = dateTest/Info.plist;
				LD_RUNPATH_SEARCH_PATHS = "$(inherited) @executable_path/Frameworks";
				PRODUCT_NAME = "$(TARGET_NAME)";
			};
			name = Debug;
		};
		04BCAA751C1CC35800D0A070 /* Release */ = {
			isa = XCBuildConfiguration;
			buildSettings = {
				ASSETCATALOG_COMPILER_APPICON_NAME = AppIcon;
				INFOPLIST_FILE = dateTest/Info.plist;
				LD_RUNPATH_SEARCH_PATHS = "$(inherited) @executable_path/Frameworks";
				PRODUCT_NAME = "$(TARGET_NAME)";
			};
			name = Release;
		};
		04BCAA771C1CC35800D0A070 /* Debug */ = {
			isa = XCBuildConfiguration;
			buildSettings = {
				BUNDLE_LOADER = "$(TEST_HOST)";
				FRAMEWORK_SEARCH_PATHS = (
					"$(SDKROOT)/Developer/Library/Frameworks",
					"$(inherited)",
				);
				GCC_PREPROCESSOR_DEFINITIONS = (
					"DEBUG=1",
					"$(inherited)",
				);
				INFOPLIST_FILE = dateTestTests/Info.plist;
				LD_RUNPATH_SEARCH_PATHS = "$(inherited) @executable_path/Frameworks @loader_path/Frameworks";
				PRODUCT_NAME = "$(TARGET_NAME)";
				TEST_HOST = "$(BUILT_PRODUCTS_DIR)/dateTest.app/dateTest";
			};
			name = Debug;
		};
		04BCAA781C1CC35800D0A070 /* Release */ = {
			isa = XCBuildConfiguration;
			buildSettings = {
				BUNDLE_LOADER = "$(TEST_HOST)";
				FRAMEWORK_SEARCH_PATHS = (
					"$(SDKROOT)/Developer/Library/Frameworks",
					"$(inherited)",
				);
				INFOPLIST_FILE = dateTestTests/Info.plist;
				LD_RUNPATH_SEARCH_PATHS = "$(inherited) @executable_path/Frameworks @loader_path/Frameworks";
				PRODUCT_NAME = "$(TARGET_NAME)";
				TEST_HOST = "$(BUILT_PRODUCTS_DIR)/dateTest.app/dateTest";
			};
			name = Release;
		};
/* End XCBuildConfiguration section */

/* Begin XCConfigurationList section */
		04BCAA4B1C1CC35800D0A070 /* Build configuration list for PBXProject "dateTest" */ = {
			isa = XCConfigurationList;
			buildConfigurations = (
				04BCAA711C1CC35800D0A070 /* Debug */,
				04BCAA721C1CC35800D0A070 /* Release */,
			);
			defaultConfigurationIsVisible = 0;
			defaultConfigurationName = Release;
		};
		04BCAA731C1CC35800D0A070 /* Build configuration list for PBXNativeTarget "dateTest" */ = {
			isa = XCConfigurationList;
			buildConfigurations = (
				04BCAA741C1CC35800D0A070 /* Debug */,
				04BCAA751C1CC35800D0A070 /* Release */,
			);
			defaultConfigurationIsVisible = 0;
		};
		04BCAA761C1CC35800D0A070 /* Build configuration list for PBXNativeTarget "dateTestTests" */ = {
			isa = XCConfigurationList;
			buildConfigurations = (
				04BCAA771C1CC35800D0A070 /* Debug */,
				04BCAA781C1CC35800D0A070 /* Release */,
			);
			defaultConfigurationIsVisible = 0;
		};
/* End XCConfigurationList section */
	};
	rootObject = 04BCAA481C1CC35800D0A070 /* Project object */;
}
