// !$*UTF8*$!
{
	archiveVersion = 1;
	classes = {
	};
	objectVersion = 46;
	objects = {

/* Begin PBXBuildFile section */
		04BCAA8B1C1CF86700D0A070 /* main.m in Sources */ = {isa = PBXBuildFile; fileRef = 04BCAA8A1C1CF86700D0A070 /* main.m */; };
		04BCAA8E1C1CF86700D0A070 /* AppDelegate.m in Sources */ = {isa = PBXBuildFile; fileRef = 04BCAA8D1C1CF86700D0A070 /* AppDelegate.m */; };
		04BCAA911C1CF86700D0A070 /* Diary.xcdatamodeld in Sources */ = {isa = PBXBuildFile; fileRef = 04BCAA8F1C1CF86700D0A070 /* Diary.xcdatamodeld */; };
		04BCAA971C1CF86700D0A070 /* Main.storyboard in Resources */ = {isa = PBXBuildFile; fileRef = 04BCAA951C1CF86700D0A070 /* Main.storyboard */; };
		04BCAA991C1CF86700D0A070 /* Images.xcassets in Resources */ = {isa = PBXBuildFile; fileRef = 04BCAA981C1CF86700D0A070 /* Images.xcassets */; };
		04BCAA9C1C1CF86700D0A070 /* LaunchScreen.xib in Resources */ = {isa = PBXBuildFile; fileRef = 04BCAA9A1C1CF86700D0A070 /* LaunchScreen.xib */; };
		04BCAAA81C1CF86700D0A070 /* DiaryTests.m in Sources */ = {isa = PBXBuildFile; fileRef = 04BCAAA71C1CF86700D0A070 /* DiaryTests.m */; };
		04BCAAB31C1CF9E200D0A070 /* CoreDataStack.m in Sources */ = {isa = PBXBuildFile; fileRef = 04BCAAB21C1CF9E200D0A070 /* CoreDataStack.m */; };
		04BCAAB91C1D070700D0A070 /* DiaryEntry.m in Sources */ = {isa = PBXBuildFile; fileRef = 04BCAAB81C1D070700D0A070 /* DiaryEntry.m */; };
		04BCAABC1C1D093900D0A070 /* EntryListViewController.m in Sources */ = {isa = PBXBuildFile; fileRef = 04BCAABB1C1D093900D0A070 /* EntryListViewController.m */; };
		04BCAABF1C1D0D1300D0A070 /* NewEntryViewController.m in Sources */ = {isa = PBXBuildFile; fileRef = 04BCAABE1C1D0D1300D0A070 /* NewEntryViewController.m */; };
/* End PBXBuildFile section */

/* Begin PBXContainerItemProxy section */
		04BCAAA21C1CF86700D0A070 /* PBXContainerItemProxy */ = {
			isa = PBXContainerItemProxy;
			containerPortal = 04BCAA7D1C1CF86700D0A070 /* Project object */;
			proxyType = 1;
			remoteGlobalIDString = 04BCAA841C1CF86700D0A070;
			remoteInfo = Diary;
		};
/* End PBXContainerItemProxy section */

/* Begin PBXFileReference section */
		04BCAA851C1CF86700D0A070 /* Diary.app */ = {isa = PBXFileReference; explicitFileType = wrapper.application; includeInIndex = 0; path = Diary.app; sourceTree = BUILT_PRODUCTS_DIR; };
		04BCAA891C1CF86700D0A070 /* Info.plist */ = {isa = PBXFileReference; lastKnownFileType = text.plist.xml; path = Info.plist; sourceTree = "<group>"; };
		04BCAA8A1C1CF86700D0A070 /* main.m */ = {isa = PBXFileReference; lastKnownFileType = sourcecode.c.objc; path = main.m; sourceTree = "<group>"; };
		04BCAA8C1C1CF86700D0A070 /* AppDelegate.h */ = {isa = PBXFileReference; lastKnownFileType = sourcecode.c.h; path = AppDelegate.h; sourceTree = "<group>"; };
		04BCAA8D1C1CF86700D0A070 /* AppDelegate.m */ = {isa = PBXFileReference; lastKnownFileType = sourcecode.c.objc; path = AppDelegate.m; sourceTree = "<group>"; };
		04BCAA901C1CF86700D0A070 /* Diary.xcdatamodel */ = {isa = PBXFileReference; lastKnownFileType = wrapper.xcdatamodel; path = Diary.xcdatamodel; sourceTree = "<group>"; };
		04BCAA961C1CF86700D0A070 /* Base */ = {isa = PBXFileReference; lastKnownFileType = file.storyboard; name = Base; path = Base.lproj/Main.storyboard; sourceTree = "<group>"; };
		04BCAA981C1CF86700D0A070 /* Images.xcassets */ = {isa = PBXFileReference; lastKnownFileType = folder.assetcatalog; path = Images.xcassets; sourceTree = "<group>"; };
		04BCAA9B1C1CF86700D0A070 /* Base */ = {isa = PBXFileReference; lastKnownFileType = file.xib; name = Base; path = Base.lproj/LaunchScreen.xib; sourceTree = "<group>"; };
		04BCAAA11C1CF86700D0A070 /* DiaryTests.xctest */ = {isa = PBXFileReference; explicitFileType = wrapper.cfbundle; includeInIndex = 0; path = DiaryTests.xctest; sourceTree = BUILT_PRODUCTS_DIR; };
		04BCAAA61C1CF86700D0A070 /* Info.plist */ = {isa = PBXFileReference; lastKnownFileType = text.plist.xml; path = Info.plist; sourceTree = "<group>"; };
		04BCAAA71C1CF86700D0A070 /* DiaryTests.m */ = {isa = PBXFileReference; lastKnownFileType = sourcecode.c.objc; path = DiaryTests.m; sourceTree = "<group>"; };
		04BCAAB11C1CF9E200D0A070 /* CoreDataStack.h */ = {isa = PBXFileReference; fileEncoding = 4; lastKnownFileType = sourcecode.c.h; path = CoreDataStack.h; sourceTree = "<group>"; };
		04BCAAB21C1CF9E200D0A070 /* CoreDataStack.m */ = {isa = PBXFileReference; fileEncoding = 4; lastKnownFileType = sourcecode.c.objc; path = CoreDataStack.m; sourceTree = "<group>"; };
		04BCAAB71C1D070700D0A070 /* DiaryEntry.h */ = {isa = PBXFileReference; fileEncoding = 4; lastKnownFileType = sourcecode.c.h; path = DiaryEntry.h; sourceTree = "<group>"; };
		04BCAAB81C1D070700D0A070 /* DiaryEntry.m */ = {isa = PBXFileReference; fileEncoding = 4; lastKnownFileType = sourcecode.c.objc; path = DiaryEntry.m; sourceTree = "<group>"; };
		04BCAABA1C1D093900D0A070 /* EntryListViewController.h */ = {isa = PBXFileReference; fileEncoding = 4; lastKnownFileType = sourcecode.c.h; name = EntryListViewController.h; path = Diary/EntryListViewController.h; sourceTree = "<group>"; };
		04BCAABB1C1D093900D0A070 /* EntryListViewController.m */ = {isa = PBXFileReference; fileEncoding = 4; lastKnownFileType = sourcecode.c.objc; name = EntryListViewController.m; path = Diary/EntryListViewController.m; sourceTree = "<group>"; };
		04BCAABD1C1D0D1300D0A070 /* NewEntryViewController.h */ = {isa = PBXFileReference; fileEncoding = 4; lastKnownFileType = sourcecode.c.h; path = NewEntryViewController.h; sourceTree = "<group>"; };
		04BCAABE1C1D0D1300D0A070 /* NewEntryViewController.m */ = {isa = PBXFileReference; fileEncoding = 4; lastKnownFileType = sourcecode.c.objc; path = NewEntryViewController.m; sourceTree = "<group>"; };
/* End PBXFileReference section */

/* Begin PBXFrameworksBuildPhase section */
		04BCAA821C1CF86700D0A070 /* Frameworks */ = {
			isa = PBXFrameworksBuildPhase;
			buildActionMask = 2147483647;
			files = (
			);
			runOnlyForDeploymentPostprocessing = 0;
		};
		04BCAA9E1C1CF86700D0A070 /* Frameworks */ = {
			isa = PBXFrameworksBuildPhase;
			buildActionMask = 2147483647;
			files = (
			);
			runOnlyForDeploymentPostprocessing = 0;
		};
/* End PBXFrameworksBuildPhase section */

/* Begin PBXGroup section */
		04BCAA7C1C1CF86700D0A070 = {
			isa = PBXGroup;
			children = (
				04BCAABA1C1D093900D0A070 /* EntryListViewController.h */,
				04BCAABB1C1D093900D0A070 /* EntryListViewController.m */,
				04BCAAB71C1D070700D0A070 /* DiaryEntry.h */,
				04BCAAB81C1D070700D0A070 /* DiaryEntry.m */,
				04BCAAB11C1CF9E200D0A070 /* CoreDataStack.h */,
				04BCAAB21C1CF9E200D0A070 /* CoreDataStack.m */,
				04BCAA871C1CF86700D0A070 /* Diary */,
				04BCAAA41C1CF86700D0A070 /* DiaryTests */,
				04BCAA861C1CF86700D0A070 /* Products */,
			);
			sourceTree = "<group>";
		};
		04BCAA861C1CF86700D0A070 /* Products */ = {
			isa = PBXGroup;
			children = (
				04BCAA851C1CF86700D0A070 /* Diary.app */,
				04BCAAA11C1CF86700D0A070 /* DiaryTests.xctest */,
			);
			name = Products;
			sourceTree = "<group>";
		};
		04BCAA871C1CF86700D0A070 /* Diary */ = {
			isa = PBXGroup;
			children = (
				04BCAA8C1C1CF86700D0A070 /* AppDelegate.h */,
				04BCAA8D1C1CF86700D0A070 /* AppDelegate.m */,
				04BCAA951C1CF86700D0A070 /* Main.storyboard */,
				04BCAABD1C1D0D1300D0A070 /* NewEntryViewController.h */,
				04BCAABE1C1D0D1300D0A070 /* NewEntryViewController.m */,
				04BCAA981C1CF86700D0A070 /* Images.xcassets */,
				04BCAA9A1C1CF86700D0A070 /* LaunchScreen.xib */,
				04BCAA8F1C1CF86700D0A070 /* Diary.xcdatamodeld */,
				04BCAA881C1CF86700D0A070 /* Supporting Files */,
			);
			path = Diary;
			sourceTree = "<group>";
		};
		04BCAA881C1CF86700D0A070 /* Supporting Files */ = {
			isa = PBXGroup;
			children = (
				04BCAA891C1CF86700D0A070 /* Info.plist */,
				04BCAA8A1C1CF86700D0A070 /* main.m */,
			);
			name = "Supporting Files";
			sourceTree = "<group>";
		};
		04BCAAA41C1CF86700D0A070 /* DiaryTests */ = {
			isa = PBXGroup;
			children = (
				04BCAAA71C1CF86700D0A070 /* DiaryTests.m */,
				04BCAAA51C1CF86700D0A070 /* Supporting Files */,
			);
			path = DiaryTests;
			sourceTree = "<group>";
		};
		04BCAAA51C1CF86700D0A070 /* Supporting Files */ = {
			isa = PBXGroup;
			children = (
				04BCAAA61C1CF86700D0A070 /* Info.plist */,
			);
			name = "Supporting Files";
			sourceTree = "<group>";
		};
/* End PBXGroup section */

/* Begin PBXNativeTarget section */
		04BCAA841C1CF86700D0A070 /* Diary */ = {
			isa = PBXNativeTarget;
			buildConfigurationList = 04BCAAAB1C1CF86700D0A070 /* Build configuration list for PBXNativeTarget "Diary" */;
			buildPhases = (
				04BCAA811C1CF86700D0A070 /* Sources */,
				04BCAA821C1CF86700D0A070 /* Frameworks */,
				04BCAA831C1CF86700D0A070 /* Resources */,
			);
			buildRules = (
			);
			dependencies = (
			);
			name = Diary;
			productName = Diary;
			productReference = 04BCAA851C1CF86700D0A070 /* Diary.app */;
			productType = "com.apple.product-type.application";
		};
		04BCAAA01C1CF86700D0A070 /* DiaryTests */ = {
			isa = PBXNativeTarget;
			buildConfigurationList = 04BCAAAE1C1CF86700D0A070 /* Build configuration list for PBXNativeTarget "DiaryTests" */;
			buildPhases = (
				04BCAA9D1C1CF86700D0A070 /* Sources */,
				04BCAA9E1C1CF86700D0A070 /* Frameworks */,
				04BCAA9F1C1CF86700D0A070 /* Resources */,
			);
			buildRules = (
			);
			dependencies = (
				04BCAAA31C1CF86700D0A070 /* PBXTargetDependency */,
			);
			name = DiaryTests;
			productName = DiaryTests;
			productReference = 04BCAAA11C1CF86700D0A070 /* DiaryTests.xctest */;
			productType = "com.apple.product-type.bundle.unit-test";
		};
/* End PBXNativeTarget section */

/* Begin PBXProject section */
		04BCAA7D1C1CF86700D0A070 /* Project object */ = {
			isa = PBXProject;
			attributes = {
				LastUpgradeCheck = 0600;
				ORGANIZATIONNAME = GDNApp;
				TargetAttributes = {
					04BCAA841C1CF86700D0A070 = {
						CreatedOnToolsVersion = 6.0.1;
					};
					04BCAAA01C1CF86700D0A070 = {
						CreatedOnToolsVersion = 6.0.1;
						TestTargetID = 04BCAA841C1CF86700D0A070;
					};
				};
			};
			buildConfigurationList = 04BCAA801C1CF86700D0A070 /* Build configuration list for PBXProject "Diary" */;
			compatibilityVersion = "Xcode 3.2";
			developmentRegion = English;
			hasScannedForEncodings = 0;
			knownRegions = (
				en,
				Base,
			);
			mainGroup = 04BCAA7C1C1CF86700D0A070;
			productRefGroup = 04BCAA861C1CF86700D0A070 /* Products */;
			projectDirPath = "";
			projectRoot = "";
			targets = (
				04BCAA841C1CF86700D0A070 /* Diary */,
				04BCAAA01C1CF86700D0A070 /* DiaryTests */,
			);
		};
/* End PBXProject section */

/* Begin PBXResourcesBuildPhase section */
		04BCAA831C1CF86700D0A070 /* Resources */ = {
			isa = PBXResourcesBuildPhase;
			buildActionMask = 2147483647;
			files = (
				04BCAA971C1CF86700D0A070 /* Main.storyboard in Resources */,
				04BCAA9C1C1CF86700D0A070 /* LaunchScreen.xib in Resources */,
				04BCAA991C1CF86700D0A070 /* Images.xcassets in Resources */,
			);
			runOnlyForDeploymentPostprocessing = 0;
		};
		04BCAA9F1C1CF86700D0A070 /* Resources */ = {
			isa = PBXResourcesBuildPhase;
			buildActionMask = 2147483647;
			files = (
			);
			runOnlyForDeploymentPostprocessing = 0;
		};
/* End PBXResourcesBuildPhase section */

/* Begin PBXSourcesBuildPhase section */
		04BCAA811C1CF86700D0A070 /* Sources */ = {
			isa = PBXSourcesBuildPhase;
			buildActionMask = 2147483647;
			files = (
				04BCAAB31C1CF9E200D0A070 /* CoreDataStack.m in Sources */,
				04BCAABC1C1D093900D0A070 /* EntryListViewController.m in Sources */,
				04BCAABF1C1D0D1300D0A070 /* NewEntryViewController.m in Sources */,
				04BCAA911C1CF86700D0A070 /* Diary.xcdatamodeld in Sources */,
				04BCAAB91C1D070700D0A070 /* DiaryEntry.m in Sources */,
				04BCAA8E1C1CF86700D0A070 /* AppDelegate.m in Sources */,
				04BCAA8B1C1CF86700D0A070 /* main.m in Sources */,
			);
			runOnlyForDeploymentPostprocessing = 0;
		};
		04BCAA9D1C1CF86700D0A070 /* Sources */ = {
			isa = PBXSourcesBuildPhase;
			buildActionMask = 2147483647;
			files = (
				04BCAAA81C1CF86700D0A070 /* DiaryTests.m in Sources */,
			);
			runOnlyForDeploymentPostprocessing = 0;
		};
/* End PBXSourcesBuildPhase section */

/* Begin PBXTargetDependency section */
		04BCAAA31C1CF86700D0A070 /* PBXTargetDependency */ = {
			isa = PBXTargetDependency;
			target = 04BCAA841C1CF86700D0A070 /* Diary */;
			targetProxy = 04BCAAA21C1CF86700D0A070 /* PBXContainerItemProxy */;
		};
/* End PBXTargetDependency section */

/* Begin PBXVariantGroup section */
		04BCAA951C1CF86700D0A070 /* Main.storyboard */ = {
			isa = PBXVariantGroup;
			children = (
				04BCAA961C1CF86700D0A070 /* Base */,
			);
			name = Main.storyboard;
			sourceTree = "<group>";
		};
		04BCAA9A1C1CF86700D0A070 /* LaunchScreen.xib */ = {
			isa = PBXVariantGroup;
			children = (
				04BCAA9B1C1CF86700D0A070 /* Base */,
			);
			name = LaunchScreen.xib;
			sourceTree = "<group>";
		};
/* End PBXVariantGroup section */

/* Begin XCBuildConfiguration section */
		04BCAAA91C1CF86700D0A070 /* Debug */ = {
			isa = XCBuildConfiguration;
			buildSettings = {
				ALWAYS_SEARCH_USER_PATHS = NO;
				CLANG_CXX_LANGUAGE_STANDARD = "gnu++0x";
				CLANG_CXX_LIBRARY = "libc++";
				CLANG_ENABLE_MODULES = YES;
				CLANG_ENABLE_OBJC_ARC = YES;
				CLANG_WARN_BOOL_CONVERSION = YES;
				CLANG_WARN_CONSTANT_CONVERSION = YES;
				CLANG_WARN_DIRECT_OBJC_ISA_USAGE = YES_ERROR;
				CLANG_WARN_EMPTY_BODY = YES;
				CLANG_WARN_ENUM_CONVERSION = YES;
				CLANG_WARN_INT_CONVERSION = YES;
				CLANG_WARN_OBJC_ROOT_CLASS = YES_ERROR;
				CLANG_WARN_UNREACHABLE_CODE = YES;
				CLANG_WARN__DUPLICATE_METHOD_MATCH = YES;
				"CODE_SIGN_IDENTITY[sdk=iphoneos*]" = "iPhone Developer";
				COPY_PHASE_STRIP = NO;
				ENABLE_STRICT_OBJC_MSGSEND = YES;
				GCC_C_LANGUAGE_STANDARD = gnu99;
				GCC_DYNAMIC_NO_PIC = NO;
				GCC_OPTIMIZATION_LEVEL = 0;
				GCC_PREPROCESSOR_DEFINITIONS = (
					"DEBUG=1",
					"$(inherited)",
				);
				GCC_SYMBOLS_PRIVATE_EXTERN = NO;
				GCC_WARN_64_TO_32_BIT_CONVERSION = YES;
				GCC_WARN_ABOUT_RETURN_TYPE = YES_ERROR;
				GCC_WARN_UNDECLARED_SELECTOR = YES;
				GCC_WARN_UNINITIALIZED_AUTOS = YES_AGGRESSIVE;
				GCC_WARN_UNUSED_FUNCTION = YES;
				GCC_WARN_UNUSED_VARIABLE = YES;
				IPHONEOS_DEPLOYMENT_TARGET = 8.0;
				MTL_ENABLE_DEBUG_INFO = YES;
				ONLY_ACTIVE_ARCH = YES;
				SDKROOT = iphoneos;
			};
			name = Debug;
		};
		04BCAAAA1C1CF86700D0A070 /* Release */ = {
			isa = XCBuildConfiguration;
			buildSettings = {
				ALWAYS_SEARCH_USER_PATHS = NO;
				CLANG_CXX_LANGUAGE_STANDARD = "gnu++0x";
				CLANG_CXX_LIBRARY = "libc++";
				CLANG_ENABLE_MODULES = YES;
				CLANG_ENABLE_OBJC_ARC = YES;
				CLANG_WARN_BOOL_CONVERSION = YES;
				CLANG_WARN_CONSTANT_CONVERSION = YES;
				CLANG_WARN_DIRECT_OBJC_ISA_USAGE = YES_ERROR;
				CLANG_WARN_EMPTY_BODY = YES;
				CLANG_WARN_ENUM_CONVERSION = YES;
				CLANG_WARN_INT_CONVERSION = YES;
				CLANG_WARN_OBJC_ROOT_CLASS = YES_ERROR;
				CLANG_WARN_UNREACHABLE_CODE = YES;
				CLANG_WARN__DUPLICATE_METHOD_MATCH = YES;
				"CODE_SIGN_IDENTITY[sdk=iphoneos*]" = "iPhone Developer";
				COPY_PHASE_STRIP = YES;
				ENABLE_NS_ASSERTIONS = NO;
				ENABLE_STRICT_OBJC_MSGSEND = YES;
				GCC_C_LANGUAGE_STANDARD = gnu99;
				GCC_WARN_64_TO_32_BIT_CONVERSION = YES;
				GCC_WARN_ABOUT_RETURN_TYPE = YES_ERROR;
				GCC_WARN_UNDECLARED_SELECTOR = YES;
				GCC_WARN_UNINITIALIZED_AUTOS = YES_AGGRESSIVE;
				GCC_WARN_UNUSED_FUNCTION = YES;
				GCC_WARN_UNUSED_VARIABLE = YES;
				IPHONEOS_DEPLOYMENT_TARGET = 8.0;
				MTL_ENABLE_DEBUG_INFO = NO;
				SDKROOT = iphoneos;
				VALIDATE_PRODUCT = YES;
			};
			name = Release;
		};
		04BCAAAC1C1CF86700D0A070 /* Debug */ = {
			isa = XCBuildConfiguration;
			buildSettings = {
				ASSETCATALOG_COMPILER_APPICON_NAME = AppIcon;
				INFOPLIST_FILE = Diary/Info.plist;
				LD_RUNPATH_SEARCH_PATHS = "$(inherited) @executable_path/Frameworks";
				PRODUCT_NAME = "$(TARGET_NAME)";
			};
			name = Debug;
		};
		04BCAAAD1C1CF86700D0A070 /* Release */ = {
			isa = XCBuildConfiguration;
			buildSettings = {
				ASSETCATALOG_COMPILER_APPICON_NAME = AppIcon;
				INFOPLIST_FILE = Diary/Info.plist;
				LD_RUNPATH_SEARCH_PATHS = "$(inherited) @executable_path/Frameworks";
				PRODUCT_NAME = "$(TARGET_NAME)";
			};
			name = Release;
		};
		04BCAAAF1C1CF86700D0A070 /* Debug */ = {
			isa = XCBuildConfiguration;
			buildSettings = {
				BUNDLE_LOADER = "$(TEST_HOST)";
				FRAMEWORK_SEARCH_PATHS = (
					"$(SDKROOT)/Developer/Library/Frameworks",
					"$(inherited)",
				);
				GCC_PREPROCESSOR_DEFINITIONS = (
					"DEBUG=1",
					"$(inherited)",
				);
				INFOPLIST_FILE = DiaryTests/Info.plist;
				LD_RUNPATH_SEARCH_PATHS = "$(inherited) @executable_path/Frameworks @loader_path/Frameworks";
				PRODUCT_NAME = "$(TARGET_NAME)";
				TEST_HOST = "$(BUILT_PRODUCTS_DIR)/Diary.app/Diary";
			};
			name = Debug;
		};
		04BCAAB01C1CF86700D0A070 /* Release */ = {
			isa = XCBuildConfiguration;
			buildSettings = {
				BUNDLE_LOADER = "$(TEST_HOST)";
				FRAMEWORK_SEARCH_PATHS = (
					"$(SDKROOT)/Developer/Library/Frameworks",
					"$(inherited)",
				);
				INFOPLIST_FILE = DiaryTests/Info.plist;
				LD_RUNPATH_SEARCH_PATHS = "$(inherited) @executable_path/Frameworks @loader_path/Frameworks";
				PRODUCT_NAME = "$(TARGET_NAME)";
				TEST_HOST = "$(BUILT_PRODUCTS_DIR)/Diary.app/Diary";
			};
			name = Release;
		};
/* End XCBuildConfiguration section */

/* Begin XCConfigurationList section */
		04BCAA801C1CF86700D0A070 /* Build configuration list for PBXProject "Diary" */ = {
			isa = XCConfigurationList;
			buildConfigurations = (
				04BCAAA91C1CF86700D0A070 /* Debug */,
				04BCAAAA1C1CF86700D0A070 /* Release */,
			);
			defaultConfigurationIsVisible = 0;
			defaultConfigurationName = Release;
		};
		04BCAAAB1C1CF86700D0A070 /* Build configuration list for PBXNativeTarget "Diary" */ = {
			isa = XCConfigurationList;
			buildConfigurations = (
				04BCAAAC1C1CF86700D0A070 /* Debug */,
				04BCAAAD1C1CF86700D0A070 /* Release */,
			);
			defaultConfigurationIsVisible = 0;
		};
		04BCAAAE1C1CF86700D0A070 /* Build configuration list for PBXNativeTarget "DiaryTests" */ = {
			isa = XCConfigurationList;
			buildConfigurations = (
				04BCAAAF1C1CF86700D0A070 /* Debug */,
				04BCAAB01C1CF86700D0A070 /* Release */,
			);
			defaultConfigurationIsVisible = 0;
		};
/* End XCConfigurationList section */

/* Begin XCVersionGroup section */
		04BCAA8F1C1CF86700D0A070 /* Diary.xcdatamodeld */ = {
			isa = XCVersionGroup;
			children = (
				04BCAA901C1CF86700D0A070 /* Diary.xcdatamodel */,
			);
			currentVersion = 04BCAA901C1CF86700D0A070 /* Diary.xcdatamodel */;
			path = Diary.xcdatamodeld;
			sourceTree = "<group>";
			versionGroupType = wrapper.xcdatamodel;
		};
/* End XCVersionGroup section */
	};
	rootObject = 04BCAA7D1C1CF86700D0A070 /* Project object */;
}
